
Microsoft Visual Studio Solution File, Format Version 12.00
# Visual Studio Version 17
VisualStudioVersion = 17.3.32929.385
MinimumVisualStudioVersion = 10.0.40219.1
Project("{FAE04EC0-301F-11D3-BF4B-00C04F79EFBC}") = "Task_13_1", "Task_13_1\Task_13_1.csproj", "{F01E58EA-4B38-49F6-90B9-C5EAF86ED90B}"
EndProject
Global
	GlobalSection(SolutionConfigurationPlatforms) = preSolution
		Debug|Any CPU = Debug|Any CPU
		Release|Any CPU = Release|Any CPU
	EndGlobalSection
	GlobalSection(ProjectConfigurationPlatforms) = postSolution
		{F01E58EA-4B38-49F6-90B9-C5EAF86ED90B}.Debug|Any CPU.ActiveCfg = Debug|Any CPU
		{F01E58EA-4B38-49F6-90B9-C5EAF86ED90B}.Debug|Any CPU.Build.0 = Debug|Any CPU
		{F01E58EA-4B38-49F6-90B9-C5EAF86ED90B}.Release|Any CPU.ActiveCfg = Release|Any CPU
		{F01E58EA-4B38-49F6-90B9-C5EAF86ED90B}.Release|Any CPU.Build.0 = Release|Any CPU
	EndGlobalSection
	GlobalSection(SolutionProperties) = preSolution
		HideSolutionNode = FALSE
	EndGlobalSection
	GlobalSection(ExtensibilityGlobals) = postSolution
		SolutionGuid = {12823109-86EA-495C-8953-3161C741EE6B}
	EndGlobalSection
EndGlobal
